{
  "name": "Blog",
  "lockfileVersion": 2,
  "requires": true,
  "packages": {
    "": {
      "name": "Blog",
      "dependencies": {
        "jquery": "^3.6.0",
        "mod": "^0.0.0",
        "node": "^17.5.0"
      }
    },
    "node_modules/jquery": {
      "version": "3.6.0",
      "resolved": "https://registry.npmjs.org/jquery/-/jquery-3.6.0.tgz",
      "integrity": "sha512-JVzAR/AjBvVt2BmYhxRCSYysDsPcssdmTFnzyLEts9qNwmjmu4JTAMYubEfwVOSwpQ1I1sKKFcxhZCI2buerfw=="
    },
    "node_modules/mod": {
      "version": "0.0.0",
      "resolved": "https://registry.npmjs.org/mod/-/mod-0.0.0.tgz",
      "integrity": "sha512-CXUeikD0HnCn06NBwrKXvXjLzXR8ze0UP8PxMgyDCIW4I0abVLZ3OM+lSZ+TEsByCZvDWZzrWgYPpB5Vu7EkPw=="
    },
    "node_modules/node": {
      "version": "17.5.0",
      "resolved": "https://registry.npmjs.org/node/-/node-17.5.0.tgz",
      "integrity": "sha512-phtmk98gFt4w7OYxOimYpkopZPlTV4Wv01hpwQxU4JoNCqN7tNtdhJDa/i7TH4DuJuN4QYeUH+C1/y0QD82Y5g==",
      "hasInstallScript": true,
      "dependencies": {
        "node-bin-setup": "^1.0.0"
      },
      "bin": {
        "node": "bin/node"
      },
      "engines": {
        "npm": ">=5.0.0"
      }
    },
    "node_modules/node-bin-setup": {
      "version": "1.1.0",
      "resolved": "https://registry.npmjs.org/node-bin-setup/-/node-bin-setup-1.1.0.tgz",
      "integrity": "sha512-pTeU6NgUrexiLNtd+AKwvg6cngHMvj5FZ5e2bbv2ogBSIc9yhkXSSaTScfSRZnwHIh5YFmYSYlemLWkiKD7rog=="
    }
  },
  "dependencies": {
    "jquery": {
      "version": "3.6.0",
      "resolved": "https://registry.npmjs.org/jquery/-/jquery-3.6.0.tgz",
      "integrity": "sha512-JVzAR/AjBvVt2BmYhxRCSYysDsPcssdmTFnzyLEts9qNwmjmu4JTAMYubEfwVOSwpQ1I1sKKFcxhZCI2buerfw=="
    },
    "mod": {
      "version": "0.0.0",
      "resolved": "https://registry.npmjs.org/mod/-/mod-0.0.0.tgz",
      "integrity": "sha512-CXUeikD0HnCn06NBwrKXvXjLzXR8ze0UP8PxMgyDCIW4I0abVLZ3OM+lSZ+TEsByCZvDWZzrWgYPpB5Vu7EkPw=="
    },
    "node": {
      "version": "17.5.0",
      "resolved": "https://registry.npmjs.org/node/-/node-17.5.0.tgz",
      "integrity": "sha512-phtmk98gFt4w7OYxOimYpkopZPlTV4Wv01hpwQxU4JoNCqN7tNtdhJDa/i7TH4DuJuN4QYeUH+C1/y0QD82Y5g==",
      "requires": {
        "node-bin-setup": "^1.0.0"
      }
    },
    "node-bin-setup": {
      "version": "1.1.0",
      "resolved": "https://registry.npmjs.org/node-bin-setup/-/node-bin-setup-1.1.0.tgz",
      "integrity": "sha512-pTeU6NgUrexiLNtd+AKwvg6cngHMvj5FZ5e2bbv2ogBSIc9yhkXSSaTScfSRZnwHIh5YFmYSYlemLWkiKD7rog=="
    }
  }
}
